
Microsoft Visual Studio Solution File, Format Version 12.00
# Visual Studio Version 17
VisualStudioVersion = 17.3.32929.385
MinimumVisualStudioVersion = 10.0.40219.1
Project("{FAE04EC0-301F-11D3-BF4B-00C04F79EFBC}") = "Serie I", "Serie I.csproj", "{2AB7ECED-BABC-4AB7-9C3B-59A5442D8489}"
EndProject
Project("{FAE04EC0-301F-11D3-BF4B-00C04F79EFBC}") = "Serie II", "..\Serie II\Serie II.csproj", "{C7056742-9DD8-4172-BC3C-59B03EE75C07}"
EndProject
Project("{FAE04EC0-301F-11D3-BF4B-00C04F79EFBC}") = "Serie III", "..\Serie III\Serie III.csproj", "{43CB896E-FEDE-4801-9BFE-0985A8144A15}"
EndProject
Project("{FAE04EC0-301F-11D3-BF4B-00C04F79EFBC}") = "Serie IV", "..\Serie IV\Serie IV.csproj", "{E8A7A5EB-7AFF-40EA-B551-601A0329DDED}"
EndProject
Project("{FAE04EC0-301F-11D3-BF4B-00C04F79EFBC}") = "Percolation", "..\Percolation\Percolation.csproj", "{8A365A19-46A9-41CB-9251-B10D7EBA7453}"
EndProject
Global
	GlobalSection(SolutionConfigurationPlatforms) = preSolution
		Debug|Any CPU = Debug|Any CPU
		Release|Any CPU = Release|Any CPU
	EndGlobalSection
	GlobalSection(ProjectConfigurationPlatforms) = postSolution
		{2AB7ECED-BABC-4AB7-9C3B-59A5442D8489}.Debug|Any CPU.ActiveCfg = Debug|Any CPU
		{2AB7ECED-BABC-4AB7-9C3B-59A5442D8489}.Debug|Any CPU.Build.0 = Debug|Any CPU
		{2AB7ECED-BABC-4AB7-9C3B-59A5442D8489}.Release|Any CPU.ActiveCfg = Release|Any CPU
		{2AB7ECED-BABC-4AB7-9C3B-59A5442D8489}.Release|Any CPU.Build.0 = Release|Any CPU
		{C7056742-9DD8-4172-BC3C-59B03EE75C07}.Debug|Any CPU.ActiveCfg = Debug|Any CPU
		{C7056742-9DD8-4172-BC3C-59B03EE75C07}.Debug|Any CPU.Build.0 = Debug|Any CPU
		{C7056742-9DD8-4172-BC3C-59B03EE75C07}.Release|Any CPU.ActiveCfg = Release|Any CPU
		{C7056742-9DD8-4172-BC3C-59B03EE75C07}.Release|Any CPU.Build.0 = Release|Any CPU
		{43CB896E-FEDE-4801-9BFE-0985A8144A15}.Debug|Any CPU.ActiveCfg = Debug|Any CPU
		{43CB896E-FEDE-4801-9BFE-0985A8144A15}.Debug|Any CPU.Build.0 = Debug|Any CPU
		{43CB896E-FEDE-4801-9BFE-0985A8144A15}.Release|Any CPU.ActiveCfg = Release|Any CPU
		{43CB896E-FEDE-4801-9BFE-0985A8144A15}.Release|Any CPU.Build.0 = Release|Any CPU
		{E8A7A5EB-7AFF-40EA-B551-601A0329DDED}.Debug|Any CPU.ActiveCfg = Debug|Any CPU
		{E8A7A5EB-7AFF-40EA-B551-601A0329DDED}.Debug|Any CPU.Build.0 = Debug|Any CPU
		{E8A7A5EB-7AFF-40EA-B551-601A0329DDED}.Release|Any CPU.ActiveCfg = Release|Any CPU
		{E8A7A5EB-7AFF-40EA-B551-601A0329DDED}.Release|Any CPU.Build.0 = Release|Any CPU
		{8A365A19-46A9-41CB-9251-B10D7EBA7453}.Debug|Any CPU.ActiveCfg = Debug|Any CPU
		{8A365A19-46A9-41CB-9251-B10D7EBA7453}.Debug|Any CPU.Build.0 = Debug|Any CPU
		{8A365A19-46A9-41CB-9251-B10D7EBA7453}.Release|Any CPU.ActiveCfg = Release|Any CPU
		{8A365A19-46A9-41CB-9251-B10D7EBA7453}.Release|Any CPU.Build.0 = Release|Any CPU
	EndGlobalSection
	GlobalSection(SolutionProperties) = preSolution
		HideSolutionNode = FALSE
	EndGlobalSection
	GlobalSection(ExtensibilityGlobals) = postSolution
		SolutionGuid = {5036E029-76D7-4077-92EC-C02898126F7D}
	EndGlobalSection
EndGlobal
